
Microsoft Visual Studio Solution File, Format Version 12.00
# Visual Studio Version 16
VisualStudioVersion = 16.0.30621.155
MinimumVisualStudioVersion = 10.0.40219.1
Project("{FAE04EC0-301F-11D3-BF4B-00C04F79EFBC}") = "Nhfycgjhnbhjdrf vfnhbws", "Nhfycgjhnbhjdrf vfnhbws\Nhfycgjhnbhjdrf vfnhbws.csproj", "{7EE1E60A-D846-4F66-A4A0-EC7E736D2F26}"
EndProject
Global
	GlobalSection(SolutionConfigurationPlatforms) = preSolution
		Debug|Any CPU = Debug|Any CPU
		Release|Any CPU = Release|Any CPU
	EndGlobalSection
	GlobalSection(ProjectConfigurationPlatforms) = postSolution
		{7EE1E60A-D846-4F66-A4A0-EC7E736D2F26}.Debug|Any CPU.ActiveCfg = Debug|Any CPU
		{7EE1E60A-D846-4F66-A4A0-EC7E736D2F26}.Debug|Any CPU.Build.0 = Debug|Any CPU
		{7EE1E60A-D846-4F66-A4A0-EC7E736D2F26}.Release|Any CPU.ActiveCfg = Release|Any CPU
		{7EE1E60A-D846-4F66-A4A0-EC7E736D2F26}.Release|Any CPU.Build.0 = Release|Any CPU
	EndGlobalSection
	GlobalSection(SolutionProperties) = preSolution
		HideSolutionNode = FALSE
	EndGlobalSection
	GlobalSection(ExtensibilityGlobals) = postSolution
		SolutionGuid = {B5C1A2E1-DCE7-40A8-8953-B624C0D21E8B}
	EndGlobalSection
EndGlobal
